
Microsoft Visual Studio Solution File, Format Version 12.00
# Visual Studio Version 16
Project("{2150E333-8FDC-42A3-9474-1A3956D46DE8}") = "CMakePredefinedTargets", "CMakePredefinedTargets", "{63DF6526-89CB-300C-9E4E-DB71F9D96498}"
EndProject
Project("{2150E333-8FDC-42A3-9474-1A3956D46DE8}") = "External", "External", "{B69A53AC-71D6-3AD5-9068-A4CF9BD75B90}"
EndProject
Project("{2150E333-8FDC-42A3-9474-1A3956D46DE8}") = "Internal", "Internal", "{0499CB0F-391B-3051-B1CF-29E025AFEE34}"
EndProject
Project("{8BC9CEB8-8B4A-11D0-8D11-00A0C91BC942}") = "ALL_BUILD", "ALL_BUILD.vcxproj", "{1CED06A6-F3C4-34DD-98BF-1E1C131D6263}"
	ProjectSection(ProjectDependencies) = postProject
		{0A4F3CD6-B8C2-3F52-849F-449D254E38EA} = {0A4F3CD6-B8C2-3F52-849F-449D254E38EA}
		{1809BC59-FCB8-32E1-95FC-204E3168F14F} = {1809BC59-FCB8-32E1-95FC-204E3168F14F}
		{BBEDA986-D459-38F1-B11B-6F7D9608D2F6} = {BBEDA986-D459-38F1-B11B-6F7D9608D2F6}
		{5A861C5D-E433-3BED-BCDC-3191B002237C} = {5A861C5D-E433-3BED-BCDC-3191B002237C}
		{18757A7A-AE78-3BCC-A8C9-551414055C1D} = {18757A7A-AE78-3BCC-A8C9-551414055C1D}
		{A50768EA-FD49-3FB4-98E0-16778E26D623} = {A50768EA-FD49-3FB4-98E0-16778E26D623}
		{199092EA-ABF4-3E34-A598-C0A2487D91E6} = {199092EA-ABF4-3E34-A598-C0A2487D91E6}
		{08C903EE-5E01-3A2F-9A00-F2B2EFBA20A5} = {08C903EE-5E01-3A2F-9A00-F2B2EFBA20A5}
		{EB2D4330-EE5F-307D-A7CA-654E561E322D} = {EB2D4330-EE5F-307D-A7CA-654E561E322D}
		{8A97394D-C516-370F-8863-96A0F671CA63} = {8A97394D-C516-370F-8863-96A0F671CA63}
		{C9EB79D1-A6CD-32C1-8CE6-0A057A74CEAB} = {C9EB79D1-A6CD-32C1-8CE6-0A057A74CEAB}
		{49956C91-748E-380F-B66E-6BA13E45E2AF} = {49956C91-748E-380F-B66E-6BA13E45E2AF}
		{AD1DC551-2D84-3877-908F-B3E433379C07} = {AD1DC551-2D84-3877-908F-B3E433379C07}
	EndProjectSection
EndProject
Project("{8BC9CEB8-8B4A-11D0-8D11-00A0C91BC942}") = "ZERO_CHECK", "..\..\..\\ZERO_CHECK.vcxproj", "{0A4F3CD6-B8C2-3F52-849F-449D254E38EA}"
	ProjectSection(ProjectDependencies) = postProject
	EndProjectSection
EndProject
Project("{8BC9CEB8-8B4A-11D0-8D11-00A0C91BC942}") = "cocos2d", "cocos2d.vcxproj", "{1809BC59-FCB8-32E1-95FC-204E3168F14F}"
	ProjectSection(ProjectDependencies) = postProject
		{0A4F3CD6-B8C2-3F52-849F-449D254E38EA} = {0A4F3CD6-B8C2-3F52-849F-449D254E38EA}
		{BBEDA986-D459-38F1-B11B-6F7D9608D2F6} = {BBEDA986-D459-38F1-B11B-6F7D9608D2F6}
		{5A861C5D-E433-3BED-BCDC-3191B002237C} = {5A861C5D-E433-3BED-BCDC-3191B002237C}
		{18757A7A-AE78-3BCC-A8C9-551414055C1D} = {18757A7A-AE78-3BCC-A8C9-551414055C1D}
		{A50768EA-FD49-3FB4-98E0-16778E26D623} = {A50768EA-FD49-3FB4-98E0-16778E26D623}
		{199092EA-ABF4-3E34-A598-C0A2487D91E6} = {199092EA-ABF4-3E34-A598-C0A2487D91E6}
		{08C903EE-5E01-3A2F-9A00-F2B2EFBA20A5} = {08C903EE-5E01-3A2F-9A00-F2B2EFBA20A5}
		{EB2D4330-EE5F-307D-A7CA-654E561E322D} = {EB2D4330-EE5F-307D-A7CA-654E561E322D}
		{8A97394D-C516-370F-8863-96A0F671CA63} = {8A97394D-C516-370F-8863-96A0F671CA63}
		{C9EB79D1-A6CD-32C1-8CE6-0A057A74CEAB} = {C9EB79D1-A6CD-32C1-8CE6-0A057A74CEAB}
		{49956C91-748E-380F-B66E-6BA13E45E2AF} = {49956C91-748E-380F-B66E-6BA13E45E2AF}
		{AD1DC551-2D84-3877-908F-B3E433379C07} = {AD1DC551-2D84-3877-908F-B3E433379C07}
	EndProjectSection
EndProject
Project("{8BC9CEB8-8B4A-11D0-8D11-00A0C91BC942}") = "ext_clipper", "..\..\external\clipper\ext_clipper.vcxproj", "{BBEDA986-D459-38F1-B11B-6F7D9608D2F6}"
	ProjectSection(ProjectDependencies) = postProject
		{0A4F3CD6-B8C2-3F52-849F-449D254E38EA} = {0A4F3CD6-B8C2-3F52-849F-449D254E38EA}
	EndProjectSection
EndProject
Project("{8BC9CEB8-8B4A-11D0-8D11-00A0C91BC942}") = "ext_convertUTF", "..\..\external\ConvertUTF\ext_convertUTF.vcxproj", "{5A861C5D-E433-3BED-BCDC-3191B002237C}"
	ProjectSection(ProjectDependencies) = postProject
		{0A4F3CD6-B8C2-3F52-849F-449D254E38EA} = {0A4F3CD6-B8C2-3F52-849F-449D254E38EA}
	EndProjectSection
EndProject
Project("{8BC9CEB8-8B4A-11D0-8D11-00A0C91BC942}") = "ext_edtaa3func", "..\..\external\edtaa3func\ext_edtaa3func.vcxproj", "{18757A7A-AE78-3BCC-A8C9-551414055C1D}"
	ProjectSection(ProjectDependencies) = postProject
		{0A4F3CD6-B8C2-3F52-849F-449D254E38EA} = {0A4F3CD6-B8C2-3F52-849F-449D254E38EA}
	EndProjectSection
EndProject
Project("{8BC9CEB8-8B4A-11D0-8D11-00A0C91BC942}") = "ext_md5", "..\..\external\md5\ext_md5.vcxproj", "{A50768EA-FD49-3FB4-98E0-16778E26D623}"
	ProjectSection(ProjectDependencies) = postProject
		{0A4F3CD6-B8C2-3F52-849F-449D254E38EA} = {0A4F3CD6-B8C2-3F52-849F-449D254E38EA}
	EndProjectSection
EndProject
Project("{8BC9CEB8-8B4A-11D0-8D11-00A0C91BC942}") = "ext_poly2tri", "..\..\external\poly2tri\ext_poly2tri.vcxproj", "{199092EA-ABF4-3E34-A598-C0A2487D91E6}"
	ProjectSection(ProjectDependencies) = postProject
		{0A4F3CD6-B8C2-3F52-849F-449D254E38EA} = {0A4F3CD6-B8C2-3F52-849F-449D254E38EA}
	EndProjectSection
EndProject
Project("{8BC9CEB8-8B4A-11D0-8D11-00A0C91BC942}") = "ext_recast", "..\..\external\recast\ext_recast.vcxproj", "{08C903EE-5E01-3A2F-9A00-F2B2EFBA20A5}"
	ProjectSection(ProjectDependencies) = postProject
		{0A4F3CD6-B8C2-3F52-849F-449D254E38EA} = {0A4F3CD6-B8C2-3F52-849F-449D254E38EA}
	EndProjectSection
EndProject
Project("{8BC9CEB8-8B4A-11D0-8D11-00A0C91BC942}") = "ext_tinyxml2", "..\..\external\tinyxml2\ext_tinyxml2.vcxproj", "{EB2D4330-EE5F-307D-A7CA-654E561E322D}"
	ProjectSection(ProjectDependencies) = postProject
		{0A4F3CD6-B8C2-3F52-849F-449D254E38EA} = {0A4F3CD6-B8C2-3F52-849F-449D254E38EA}
	EndProjectSection
EndProject
Project("{8BC9CEB8-8B4A-11D0-8D11-00A0C91BC942}") = "ext_unzip", "..\..\external\unzip\ext_unzip.vcxproj", "{8A97394D-C516-370F-8863-96A0F671CA63}"
	ProjectSection(ProjectDependencies) = postProject
		{0A4F3CD6-B8C2-3F52-849F-449D254E38EA} = {0A4F3CD6-B8C2-3F52-849F-449D254E38EA}
	EndProjectSection
EndProject
Project("{8BC9CEB8-8B4A-11D0-8D11-00A0C91BC942}") = "ext_xxhash", "..\..\external\xxhash\ext_xxhash.vcxproj", "{C9EB79D1-A6CD-32C1-8CE6-0A057A74CEAB}"
	ProjectSection(ProjectDependencies) = postProject
		{0A4F3CD6-B8C2-3F52-849F-449D254E38EA} = {0A4F3CD6-B8C2-3F52-849F-449D254E38EA}
	EndProjectSection
EndProject
Project("{8BC9CEB8-8B4A-11D0-8D11-00A0C91BC942}") = "ext_xxtea", "..\..\external\xxtea\ext_xxtea.vcxproj", "{49956C91-748E-380F-B66E-6BA13E45E2AF}"
	ProjectSection(ProjectDependencies) = postProject
		{0A4F3CD6-B8C2-3F52-849F-449D254E38EA} = {0A4F3CD6-B8C2-3F52-849F-449D254E38EA}
	EndProjectSection
EndProject
Project("{8BC9CEB8-8B4A-11D0-8D11-00A0C91BC942}") = "external", "..\..\external\external.vcxproj", "{AD1DC551-2D84-3877-908F-B3E433379C07}"
	ProjectSection(ProjectDependencies) = postProject
		{0A4F3CD6-B8C2-3F52-849F-449D254E38EA} = {0A4F3CD6-B8C2-3F52-849F-449D254E38EA}
		{BBEDA986-D459-38F1-B11B-6F7D9608D2F6} = {BBEDA986-D459-38F1-B11B-6F7D9608D2F6}
		{5A861C5D-E433-3BED-BCDC-3191B002237C} = {5A861C5D-E433-3BED-BCDC-3191B002237C}
		{18757A7A-AE78-3BCC-A8C9-551414055C1D} = {18757A7A-AE78-3BCC-A8C9-551414055C1D}
		{A50768EA-FD49-3FB4-98E0-16778E26D623} = {A50768EA-FD49-3FB4-98E0-16778E26D623}
		{199092EA-ABF4-3E34-A598-C0A2487D91E6} = {199092EA-ABF4-3E34-A598-C0A2487D91E6}
		{08C903EE-5E01-3A2F-9A00-F2B2EFBA20A5} = {08C903EE-5E01-3A2F-9A00-F2B2EFBA20A5}
		{EB2D4330-EE5F-307D-A7CA-654E561E322D} = {EB2D4330-EE5F-307D-A7CA-654E561E322D}
		{8A97394D-C516-370F-8863-96A0F671CA63} = {8A97394D-C516-370F-8863-96A0F671CA63}
		{C9EB79D1-A6CD-32C1-8CE6-0A057A74CEAB} = {C9EB79D1-A6CD-32C1-8CE6-0A057A74CEAB}
		{49956C91-748E-380F-B66E-6BA13E45E2AF} = {49956C91-748E-380F-B66E-6BA13E45E2AF}
	EndProjectSection
EndProject
Global
	GlobalSection(SolutionConfigurationPlatforms) = preSolution
		Debug|Win32 = Debug|Win32
		Release|Win32 = Release|Win32
		MinSizeRel|Win32 = MinSizeRel|Win32
		RelWithDebInfo|Win32 = RelWithDebInfo|Win32
	EndGlobalSection
	GlobalSection(ProjectConfigurationPlatforms) = postSolution
		{1CED06A6-F3C4-34DD-98BF-1E1C131D6263}.Debug|Win32.ActiveCfg = Debug|Win32
		{1CED06A6-F3C4-34DD-98BF-1E1C131D6263}.Release|Win32.ActiveCfg = Release|Win32
		{1CED06A6-F3C4-34DD-98BF-1E1C131D6263}.MinSizeRel|Win32.ActiveCfg = MinSizeRel|Win32
		{1CED06A6-F3C4-34DD-98BF-1E1C131D6263}.RelWithDebInfo|Win32.ActiveCfg = RelWithDebInfo|Win32
		{0A4F3CD6-B8C2-3F52-849F-449D254E38EA}.Debug|Win32.ActiveCfg = Debug|Win32
		{0A4F3CD6-B8C2-3F52-849F-449D254E38EA}.Debug|Win32.Build.0 = Debug|Win32
		{0A4F3CD6-B8C2-3F52-849F-449D254E38EA}.Release|Win32.ActiveCfg = Release|Win32
		{0A4F3CD6-B8C2-3F52-849F-449D254E38EA}.Release|Win32.Build.0 = Release|Win32
		{0A4F3CD6-B8C2-3F52-849F-449D254E38EA}.MinSizeRel|Win32.ActiveCfg = MinSizeRel|Win32
		{0A4F3CD6-B8C2-3F52-849F-449D254E38EA}.MinSizeRel|Win32.Build.0 = MinSizeRel|Win32
		{0A4F3CD6-B8C2-3F52-849F-449D254E38EA}.RelWithDebInfo|Win32.ActiveCfg = RelWithDebInfo|Win32
		{0A4F3CD6-B8C2-3F52-849F-449D254E38EA}.RelWithDebInfo|Win32.Build.0 = RelWithDebInfo|Win32
		{1809BC59-FCB8-32E1-95FC-204E3168F14F}.Debug|Win32.ActiveCfg = Debug|Win32
		{1809BC59-FCB8-32E1-95FC-204E3168F14F}.Debug|Win32.Build.0 = Debug|Win32
		{1809BC59-FCB8-32E1-95FC-204E3168F14F}.Release|Win32.ActiveCfg = Release|Win32
		{1809BC59-FCB8-32E1-95FC-204E3168F14F}.Release|Win32.Build.0 = Release|Win32
		{1809BC59-FCB8-32E1-95FC-204E3168F14F}.MinSizeRel|Win32.ActiveCfg = MinSizeRel|Win32
		{1809BC59-FCB8-32E1-95FC-204E3168F14F}.MinSizeRel|Win32.Build.0 = MinSizeRel|Win32
		{1809BC59-FCB8-32E1-95FC-204E3168F14F}.RelWithDebInfo|Win32.ActiveCfg = RelWithDebInfo|Win32
		{1809BC59-FCB8-32E1-95FC-204E3168F14F}.RelWithDebInfo|Win32.Build.0 = RelWithDebInfo|Win32
		{BBEDA986-D459-38F1-B11B-6F7D9608D2F6}.Debug|Win32.ActiveCfg = Debug|Win32
		{BBEDA986-D459-38F1-B11B-6F7D9608D2F6}.Debug|Win32.Build.0 = Debug|Win32
		{BBEDA986-D459-38F1-B11B-6F7D9608D2F6}.Release|Win32.ActiveCfg = Release|Win32
		{BBEDA986-D459-38F1-B11B-6F7D9608D2F6}.Release|Win32.Build.0 = Release|Win32
		{BBEDA986-D459-38F1-B11B-6F7D9608D2F6}.MinSizeRel|Win32.ActiveCfg = MinSizeRel|Win32
		{BBEDA986-D459-38F1-B11B-6F7D9608D2F6}.MinSizeRel|Win32.Build.0 = MinSizeRel|Win32
		{BBEDA986-D459-38F1-B11B-6F7D9608D2F6}.RelWithDebInfo|Win32.ActiveCfg = RelWithDebInfo|Win32
		{BBEDA986-D459-38F1-B11B-6F7D9608D2F6}.RelWithDebInfo|Win32.Build.0 = RelWithDebInfo|Win32
		{5A861C5D-E433-3BED-BCDC-3191B002237C}.Debug|Win32.ActiveCfg = Debug|Win32
		{5A861C5D-E433-3BED-BCDC-3191B002237C}.Debug|Win32.Build.0 = Debug|Win32
		{5A861C5D-E433-3BED-BCDC-3191B002237C}.Release|Win32.ActiveCfg = Release|Win32
		{5A861C5D-E433-3BED-BCDC-3191B002237C}.Release|Win32.Build.0 = Release|Win32
		{5A861C5D-E433-3BED-BCDC-3191B002237C}.MinSizeRel|Win32.ActiveCfg = MinSizeRel|Win32
		{5A861C5D-E433-3BED-BCDC-3191B002237C}.MinSizeRel|Win32.Build.0 = MinSizeRel|Win32
		{5A861C5D-E433-3BED-BCDC-3191B002237C}.RelWithDebInfo|Win32.ActiveCfg = RelWithDebInfo|Win32
		{5A861C5D-E433-3BED-BCDC-3191B002237C}.RelWithDebInfo|Win32.Build.0 = RelWithDebInfo|Win32
		{18757A7A-AE78-3BCC-A8C9-551414055C1D}.Debug|Win32.ActiveCfg = Debug|Win32
		{18757A7A-AE78-3BCC-A8C9-551414055C1D}.Debug|Win32.Build.0 = Debug|Win32
		{18757A7A-AE78-3BCC-A8C9-551414055C1D}.Release|Win32.ActiveCfg = Release|Win32
		{18757A7A-AE78-3BCC-A8C9-551414055C1D}.Release|Win32.Build.0 = Release|Win32
		{18757A7A-AE78-3BCC-A8C9-551414055C1D}.MinSizeRel|Win32.ActiveCfg = MinSizeRel|Win32
		{18757A7A-AE78-3BCC-A8C9-551414055C1D}.MinSizeRel|Win32.Build.0 = MinSizeRel|Win32
		{18757A7A-AE78-3BCC-A8C9-551414055C1D}.RelWithDebInfo|Win32.ActiveCfg = RelWithDebInfo|Win32
		{18757A7A-AE78-3BCC-A8C9-551414055C1D}.RelWithDebInfo|Win32.Build.0 = RelWithDebInfo|Win32
		{A50768EA-FD49-3FB4-98E0-16778E26D623}.Debug|Win32.ActiveCfg = Debug|Win32
		{A50768EA-FD49-3FB4-98E0-16778E26D623}.Debug|Win32.Build.0 = Debug|Win32
		{A50768EA-FD49-3FB4-98E0-16778E26D623}.Release|Win32.ActiveCfg = Release|Win32
		{A50768EA-FD49-3FB4-98E0-16778E26D623}.Release|Win32.Build.0 = Release|Win32
		{A50768EA-FD49-3FB4-98E0-16778E26D623}.MinSizeRel|Win32.ActiveCfg = MinSizeRel|Win32
		{A50768EA-FD49-3FB4-98E0-16778E26D623}.MinSizeRel|Win32.Build.0 = MinSizeRel|Win32
		{A50768EA-FD49-3FB4-98E0-16778E26D623}.RelWithDebInfo|Win32.ActiveCfg = RelWithDebInfo|Win32
		{A50768EA-FD49-3FB4-98E0-16778E26D623}.RelWithDebInfo|Win32.Build.0 = RelWithDebInfo|Win32
		{199092EA-ABF4-3E34-A598-C0A2487D91E6}.Debug|Win32.ActiveCfg = Debug|Win32
		{199092EA-ABF4-3E34-A598-C0A2487D91E6}.Debug|Win32.Build.0 = Debug|Win32
		{199092EA-ABF4-3E34-A598-C0A2487D91E6}.Release|Win32.ActiveCfg = Release|Win32
		{199092EA-ABF4-3E34-A598-C0A2487D91E6}.Release|Win32.Build.0 = Release|Win32
		{199092EA-ABF4-3E34-A598-C0A2487D91E6}.MinSizeRel|Win32.ActiveCfg = MinSizeRel|Win32
		{199092EA-ABF4-3E34-A598-C0A2487D91E6}.MinSizeRel|Win32.Build.0 = MinSizeRel|Win32
		{199092EA-ABF4-3E34-A598-C0A2487D91E6}.RelWithDebInfo|Win32.ActiveCfg = RelWithDebInfo|Win32
		{199092EA-ABF4-3E34-A598-C0A2487D91E6}.RelWithDebInfo|Win32.Build.0 = RelWithDebInfo|Win32
		{08C903EE-5E01-3A2F-9A00-F2B2EFBA20A5}.Debug|Win32.ActiveCfg = Debug|Win32
		{08C903EE-5E01-3A2F-9A00-F2B2EFBA20A5}.Debug|Win32.Build.0 = Debug|Win32
		{08C903EE-5E01-3A2F-9A00-F2B2EFBA20A5}.Release|Win32.ActiveCfg = Release|Win32
		{08C903EE-5E01-3A2F-9A00-F2B2EFBA20A5}.Release|Win32.Build.0 = Release|Win32
		{08C903EE-5E01-3A2F-9A00-F2B2EFBA20A5}.MinSizeRel|Win32.ActiveCfg = MinSizeRel|Win32
		{08C903EE-5E01-3A2F-9A00-F2B2EFBA20A5}.MinSizeRel|Win32.Build.0 = MinSizeRel|Win32
		{08C903EE-5E01-3A2F-9A00-F2B2EFBA20A5}.RelWithDebInfo|Win32.ActiveCfg = RelWithDebInfo|Win32
		{08C903EE-5E01-3A2F-9A00-F2B2EFBA20A5}.RelWithDebInfo|Win32.Build.0 = RelWithDebInfo|Win32
		{EB2D4330-EE5F-307D-A7CA-654E561E322D}.Debug|Win32.ActiveCfg = Debug|Win32
		{EB2D4330-EE5F-307D-A7CA-654E561E322D}.Debug|Win32.Build.0 = Debug|Win32
		{EB2D4330-EE5F-307D-A7CA-654E561E322D}.Release|Win32.ActiveCfg = Release|Win32
		{EB2D4330-EE5F-307D-A7CA-654E561E322D}.Release|Win32.Build.0 = Release|Win32
		{EB2D4330-EE5F-307D-A7CA-654E561E322D}.MinSizeRel|Win32.ActiveCfg = MinSizeRel|Win32
		{EB2D4330-EE5F-307D-A7CA-654E561E322D}.MinSizeRel|Win32.Build.0 = MinSizeRel|Win32
		{EB2D4330-EE5F-307D-A7CA-654E561E322D}.RelWithDebInfo|Win32.ActiveCfg = RelWithDebInfo|Win32
		{EB2D4330-EE5F-307D-A7CA-654E561E322D}.RelWithDebInfo|Win32.Build.0 = RelWithDebInfo|Win32
		{8A97394D-C516-370F-8863-96A0F671CA63}.Debug|Win32.ActiveCfg = Debug|Win32
		{8A97394D-C516-370F-8863-96A0F671CA63}.Debug|Win32.Build.0 = Debug|Win32
		{8A97394D-C516-370F-8863-96A0F671CA63}.Release|Win32.ActiveCfg = Release|Win32
		{8A97394D-C516-370F-8863-96A0F671CA63}.Release|Win32.Build.0 = Release|Win32
		{8A97394D-C516-370F-8863-96A0F671CA63}.MinSizeRel|Win32.ActiveCfg = MinSizeRel|Win32
		{8A97394D-C516-370F-8863-96A0F671CA63}.MinSizeRel|Win32.Build.0 = MinSizeRel|Win32
		{8A97394D-C516-370F-8863-96A0F671CA63}.RelWithDebInfo|Win32.ActiveCfg = RelWithDebInfo|Win32
		{8A97394D-C516-370F-8863-96A0F671CA63}.RelWithDebInfo|Win32.Build.0 = RelWithDebInfo|Win32
		{C9EB79D1-A6CD-32C1-8CE6-0A057A74CEAB}.Debug|Win32.ActiveCfg = Debug|Win32
		{C9EB79D1-A6CD-32C1-8CE6-0A057A74CEAB}.Debug|Win32.Build.0 = Debug|Win32
		{C9EB79D1-A6CD-32C1-8CE6-0A057A74CEAB}.Release|Win32.ActiveCfg = Release|Win32
		{C9EB79D1-A6CD-32C1-8CE6-0A057A74CEAB}.Release|Win32.Build.0 = Release|Win32
		{C9EB79D1-A6CD-32C1-8CE6-0A057A74CEAB}.MinSizeRel|Win32.ActiveCfg = MinSizeRel|Win32
		{C9EB79D1-A6CD-32C1-8CE6-0A057A74CEAB}.MinSizeRel|Win32.Build.0 = MinSizeRel|Win32
		{C9EB79D1-A6CD-32C1-8CE6-0A057A74CEAB}.RelWithDebInfo|Win32.ActiveCfg = RelWithDebInfo|Win32
		{C9EB79D1-A6CD-32C1-8CE6-0A057A74CEAB}.RelWithDebInfo|Win32.Build.0 = RelWithDebInfo|Win32
		{49956C91-748E-380F-B66E-6BA13E45E2AF}.Debug|Win32.ActiveCfg = Debug|Win32
		{49956C91-748E-380F-B66E-6BA13E45E2AF}.Debug|Win32.Build.0 = Debug|Win32
		{49956C91-748E-380F-B66E-6BA13E45E2AF}.Release|Win32.ActiveCfg = Release|Win32
		{49956C91-748E-380F-B66E-6BA13E45E2AF}.Release|Win32.Build.0 = Release|Win32
		{49956C91-748E-380F-B66E-6BA13E45E2AF}.MinSizeRel|Win32.ActiveCfg = MinSizeRel|Win32
		{49956C91-748E-380F-B66E-6BA13E45E2AF}.MinSizeRel|Win32.Build.0 = MinSizeRel|Win32
		{49956C91-748E-380F-B66E-6BA13E45E2AF}.RelWithDebInfo|Win32.ActiveCfg = RelWithDebInfo|Win32
		{49956C91-748E-380F-B66E-6BA13E45E2AF}.RelWithDebInfo|Win32.Build.0 = RelWithDebInfo|Win32
		{AD1DC551-2D84-3877-908F-B3E433379C07}.Debug|Win32.ActiveCfg = Debug|Win32
		{AD1DC551-2D84-3877-908F-B3E433379C07}.Debug|Win32.Build.0 = Debug|Win32
		{AD1DC551-2D84-3877-908F-B3E433379C07}.Release|Win32.ActiveCfg = Release|Win32
		{AD1DC551-2D84-3877-908F-B3E433379C07}.Release|Win32.Build.0 = Release|Win32
		{AD1DC551-2D84-3877-908F-B3E433379C07}.MinSizeRel|Win32.ActiveCfg = MinSizeRel|Win32
		{AD1DC551-2D84-3877-908F-B3E433379C07}.MinSizeRel|Win32.Build.0 = MinSizeRel|Win32
		{AD1DC551-2D84-3877-908F-B3E433379C07}.RelWithDebInfo|Win32.ActiveCfg = RelWithDebInfo|Win32
		{AD1DC551-2D84-3877-908F-B3E433379C07}.RelWithDebInfo|Win32.Build.0 = RelWithDebInfo|Win32
	EndGlobalSection
	GlobalSection(NestedProjects) = preSolution
		{1CED06A6-F3C4-34DD-98BF-1E1C131D6263} = {63DF6526-89CB-300C-9E4E-DB71F9D96498}
		{0A4F3CD6-B8C2-3F52-849F-449D254E38EA} = {63DF6526-89CB-300C-9E4E-DB71F9D96498}
		{BBEDA986-D459-38F1-B11B-6F7D9608D2F6} = {B69A53AC-71D6-3AD5-9068-A4CF9BD75B90}
		{5A861C5D-E433-3BED-BCDC-3191B002237C} = {B69A53AC-71D6-3AD5-9068-A4CF9BD75B90}
		{18757A7A-AE78-3BCC-A8C9-551414055C1D} = {B69A53AC-71D6-3AD5-9068-A4CF9BD75B90}
		{A50768EA-FD49-3FB4-98E0-16778E26D623} = {B69A53AC-71D6-3AD5-9068-A4CF9BD75B90}
		{199092EA-ABF4-3E34-A598-C0A2487D91E6} = {B69A53AC-71D6-3AD5-9068-A4CF9BD75B90}
		{08C903EE-5E01-3A2F-9A00-F2B2EFBA20A5} = {B69A53AC-71D6-3AD5-9068-A4CF9BD75B90}
		{EB2D4330-EE5F-307D-A7CA-654E561E322D} = {B69A53AC-71D6-3AD5-9068-A4CF9BD75B90}
		{8A97394D-C516-370F-8863-96A0F671CA63} = {B69A53AC-71D6-3AD5-9068-A4CF9BD75B90}
		{C9EB79D1-A6CD-32C1-8CE6-0A057A74CEAB} = {B69A53AC-71D6-3AD5-9068-A4CF9BD75B90}
		{49956C91-748E-380F-B66E-6BA13E45E2AF} = {B69A53AC-71D6-3AD5-9068-A4CF9BD75B90}
		{AD1DC551-2D84-3877-908F-B3E433379C07} = {B69A53AC-71D6-3AD5-9068-A4CF9BD75B90}
		{1809BC59-FCB8-32E1-95FC-204E3168F14F} = {0499CB0F-391B-3051-B1CF-29E025AFEE34}
	EndGlobalSection
	GlobalSection(ExtensibilityGlobals) = postSolution
		SolutionGuid = {938B65C1-0167-38F2-9E74-DCE68A49DD77}
	EndGlobalSection
	GlobalSection(ExtensibilityAddIns) = postSolution
	EndGlobalSection
EndGlobal
